// !$*UTF8*$!
{
	archiveVersion = 1;
	classes = {
	};
	objectVersion = 77;
	objects = {

/* Begin PBXBuildFile section */
		B39ADBDB2F01D2B200503E76 /* MoodSelector.swift in Sources */ = {isa = PBXBuildFile; fileRef = B39ADBD82F01D2B200503E76 /* MoodSelector.swift */; };
		B39ADBDC2F01D2B200503E76 /* PillButton.swift in Sources */ = {isa = PBXBuildFile; fileRef = B39ADBD92F01D2B200503E76 /* PillButton.swift */; };
		B39ADBDD2F01D2B200503E76 /* HippoView.swift in Sources */ = {isa = PBXBuildFile; fileRef = B39ADBD72F01D2B200503E76 /* HippoView.swift */; };
		B39ADBE02F01D2CA00503E76 /* MealData.swift in Sources */ = {isa = PBXBuildFile; fileRef = B39ADBDE2F01D2CA00503E76 /* MealData.swift */; };
		B39ADBE52F01D2D000503E76 /* Mood.swift in Sources */ = {isa = PBXBuildFile; fileRef = B39ADBE32F01D2D000503E76 /* Mood.swift */; };
		B39ADBE62F01D2D000503E76 /* Meal.swift in Sources */ = {isa = PBXBuildFile; fileRef = B39ADBE12F01D2D000503E76 /* Meal.swift */; };
		B39ADBE72F01D2D000503E76 /* MealCategory.swift in Sources */ = {isa = PBXBuildFile; fileRef = B39ADBE22F01D2D000503E76 /* MealCategory.swift */; };
		B39ADBEA2F01D2D400503E76 /* MealDecisionViewModel.swift in Sources */ = {isa = PBXBuildFile; fileRef = B39ADBE82F01D2D400503E76 /* MealDecisionViewModel.swift */; };
		B39ADBF02F01D2D900503E76 /* MealResultView.swift in Sources */ = {isa = PBXBuildFile; fileRef = B39ADBEC2F01D2D900503E76 /* MealResultView.swift */; };
		B39ADBF12F01D2D900503E76 /* QuestionFlowView.swift in Sources */ = {isa = PBXBuildFile; fileRef = B39ADBED2F01D2D900503E76 /* QuestionFlowView.swift */; };
		B39ADBF22F01D2D900503E76 /* LoadingView.swift in Sources */ = {isa = PBXBuildFile; fileRef = B39ADBEB2F01D2D900503E76 /* LoadingView.swift */; };
		B39ADBF32F01D2D900503E76 /* RootView.swift in Sources */ = {isa = PBXBuildFile; fileRef = B39ADBEE2F01D2D900503E76 /* RootView.swift */; };
		B39ADBF52F01D2DE00503E76 /* README.md in Resources */ = {isa = PBXBuildFile; fileRef = B39ADBF42F01D2DE00503E76 /* README.md */; };
		B39ADBF72F01D46500503E76 /* HungryHippoApp.swift in Sources */ = {isa = PBXBuildFile; fileRef = B39ADBF62F01D46000503E76 /* HungryHippoApp.swift */; };
		B39ADBF92F01DB4B00503E76 /* Assets.xcassets in Resources */ = {isa = PBXBuildFile; fileRef = B39ADBF82F01DB4B00503E76 /* Assets.xcassets */; };
/* End PBXBuildFile section */

/* Begin PBXContainerItemProxy section */
		B39ADBBB2F01D1E800503E76 /* PBXContainerItemProxy */ = {
			isa = PBXContainerItemProxy;
			containerPortal = B39ADBA52F01D1E600503E76 /* Project object */;
			proxyType = 1;
			remoteGlobalIDString = B39ADBAC2F01D1E600503E76;
			remoteInfo = HungryHippo;
		};
		B39ADBC52F01D1E800503E76 /* PBXContainerItemProxy */ = {
			isa = PBXContainerItemProxy;
			containerPortal = B39ADBA52F01D1E600503E76 /* Project object */;
			proxyType = 1;
			remoteGlobalIDString = B39ADBAC2F01D1E600503E76;
			remoteInfo = HungryHippo;
		};
/* End PBXContainerItemProxy section */

/* Begin PBXFileReference section */
		B39ADBAD2F01D1E600503E76 /* HungryHippo.app */ = {isa = PBXFileReference; explicitFileType = wrapper.application; includeInIndex = 0; path = HungryHippo.app; sourceTree = BUILT_PRODUCTS_DIR; };
		B39ADBBA2F01D1E800503E76 /* HungryHippoTests.xctest */ = {isa = PBXFileReference; explicitFileType = wrapper.cfbundle; includeInIndex = 0; path = HungryHippoTests.xctest; sourceTree = BUILT_PRODUCTS_DIR; };
		B39ADBC42F01D1E800503E76 /* HungryHippoUITests.xctest */ = {isa = PBXFileReference; explicitFileType = wrapper.cfbundle; includeInIndex = 0; path = HungryHippoUITests.xctest; sourceTree = BUILT_PRODUCTS_DIR; };
		B39ADBD72F01D2B200503E76 /* HippoView.swift */ = {isa = PBXFileReference; lastKnownFileType = sourcecode.swift; path = HippoView.swift; sourceTree = "<group>"; };
		B39ADBD82F01D2B200503E76 /* MoodSelector.swift */ = {isa = PBXFileReference; lastKnownFileType = sourcecode.swift; path = MoodSelector.swift; sourceTree = "<group>"; };
		B39ADBD92F01D2B200503E76 /* PillButton.swift */ = {isa = PBXFileReference; lastKnownFileType = sourcecode.swift; path = PillButton.swift; sourceTree = "<group>"; };
		B39ADBDE2F01D2CA00503E76 /* MealData.swift */ = {isa = PBXFileReference; lastKnownFileType = sourcecode.swift; path = MealData.swift; sourceTree = "<group>"; };
		B39ADBE12F01D2D000503E76 /* Meal.swift */ = {isa = PBXFileReference; lastKnownFileType = sourcecode.swift; path = Meal.swift; sourceTree = "<group>"; };
		B39ADBE22F01D2D000503E76 /* MealCategory.swift */ = {isa = PBXFileReference; lastKnownFileType = sourcecode.swift; path = MealCategory.swift; sourceTree = "<group>"; };
		B39ADBE32F01D2D000503E76 /* Mood.swift */ = {isa = PBXFileReference; lastKnownFileType = sourcecode.swift; path = Mood.swift; sourceTree = "<group>"; };
		B39ADBE82F01D2D400503E76 /* MealDecisionViewModel.swift */ = {isa = PBXFileReference; lastKnownFileType = sourcecode.swift; path = MealDecisionViewModel.swift; sourceTree = "<group>"; };
		B39ADBEB2F01D2D900503E76 /* LoadingView.swift */ = {isa = PBXFileReference; lastKnownFileType = sourcecode.swift; path = LoadingView.swift; sourceTree = "<group>"; };
		B39ADBEC2F01D2D900503E76 /* MealResultView.swift */ = {isa = PBXFileReference; lastKnownFileType = sourcecode.swift; path = MealResultView.swift; sourceTree = "<group>"; };
		B39ADBED2F01D2D900503E76 /* QuestionFlowView.swift */ = {isa = PBXFileReference; lastKnownFileType = sourcecode.swift; path = QuestionFlowView.swift; sourceTree = "<group>"; };
		B39ADBEE2F01D2D900503E76 /* RootView.swift */ = {isa = PBXFileReference; lastKnownFileType = sourcecode.swift; path = RootView.swift; sourceTree = "<group>"; };
		B39ADBF42F01D2DE00503E76 /* README.md */ = {isa = PBXFileReference; lastKnownFileType = net.daringfireball.markdown; path = README.md; sourceTree = "<group>"; };
		B39ADBF62F01D46000503E76 /* HungryHippoApp.swift */ = {isa = PBXFileReference; lastKnownFileType = sourcecode.swift; path = HungryHippoApp.swift; sourceTree = "<group>"; };
		B39ADBF82F01DB4B00503E76 /* Assets.xcassets */ = {isa = PBXFileReference; lastKnownFileType = folder.assetcatalog; path = Assets.xcassets; sourceTree = "<group>"; };
/* End PBXFileReference section */

/* Begin PBXFileSystemSynchronizedRootGroup section */
		B39ADBBD2F01D1E800503E76 /* HungryHippoTests */ = {
			isa = PBXFileSystemSynchronizedRootGroup;
			path = HungryHippoTests;
			sourceTree = "<group>";
		};
		B39ADBC72F01D1E800503E76 /* HungryHippoUITests */ = {
			isa = PBXFileSystemSynchronizedRootGroup;
			path = HungryHippoUITests;
			sourceTree = "<group>";
		};
/* End PBXFileSystemSynchronizedRootGroup section */

/* Begin PBXFrameworksBuildPhase section */
		B39ADBAA2F01D1E600503E76 /* Frameworks */ = {
			isa = PBXFrameworksBuildPhase;
			buildActionMask = 2147483647;
			files = (
			);
			runOnlyForDeploymentPostprocessing = 0;
		};
		B39ADBB72F01D1E800503E76 /* Frameworks */ = {
			isa = PBXFrameworksBuildPhase;
			buildActionMask = 2147483647;
			files = (
			);
			runOnlyForDeploymentPostprocessing = 0;
		};
		B39ADBC12F01D1E800503E76 /* Frameworks */ = {
			isa = PBXFrameworksBuildPhase;
			buildActionMask = 2147483647;
			files = (
			);
			runOnlyForDeploymentPostprocessing = 0;
		};
/* End PBXFrameworksBuildPhase section */

/* Begin PBXGroup section */
		B39ADBA42F01D1E600503E76 = {
			isa = PBXGroup;
			children = (
				B39ADBF82F01DB4B00503E76 /* Assets.xcassets */,
				B39ADBF62F01D46000503E76 /* HungryHippoApp.swift */,
				B39ADBF42F01D2DE00503E76 /* README.md */,
				B39ADBEF2F01D2D900503E76 /* Views */,
				B39ADBE92F01D2D400503E76 /* ViewModels */,
				B39ADBE42F01D2D000503E76 /* Models */,
				B39ADBDF2F01D2CA00503E76 /* Data */,
				B39ADBDA2F01D2B200503E76 /* Components */,
				B39ADBBD2F01D1E800503E76 /* HungryHippoTests */,
				B39ADBC72F01D1E800503E76 /* HungryHippoUITests */,
				B39ADBAE2F01D1E600503E76 /* Products */,
			);
			sourceTree = "<group>";
		};
		B39ADBAE2F01D1E600503E76 /* Products */ = {
			isa = PBXGroup;
			children = (
				B39ADBAD2F01D1E600503E76 /* HungryHippo.app */,
				B39ADBBA2F01D1E800503E76 /* HungryHippoTests.xctest */,
				B39ADBC42F01D1E800503E76 /* HungryHippoUITests.xctest */,
			);
			name = Products;
			sourceTree = "<group>";
		};
		B39ADBDA2F01D2B200503E76 /* Components */ = {
			isa = PBXGroup;
			children = (
				B39ADBD72F01D2B200503E76 /* HippoView.swift */,
				B39ADBD82F01D2B200503E76 /* MoodSelector.swift */,
				B39ADBD92F01D2B200503E76 /* PillButton.swift */,
			);
			path = Components;
			sourceTree = "<group>";
		};
		B39ADBDF2F01D2CA00503E76 /* Data */ = {
			isa = PBXGroup;
			children = (
				B39ADBDE2F01D2CA00503E76 /* MealData.swift */,
			);
			path = Data;
			sourceTree = "<group>";
		};
		B39ADBE42F01D2D000503E76 /* Models */ = {
			isa = PBXGroup;
			children = (
				B39ADBE12F01D2D000503E76 /* Meal.swift */,
				B39ADBE22F01D2D000503E76 /* MealCategory.swift */,
				B39ADBE32F01D2D000503E76 /* Mood.swift */,
			);
			path = Models;
			sourceTree = "<group>";
		};
		B39ADBE92F01D2D400503E76 /* ViewModels */ = {
			isa = PBXGroup;
			children = (
				B39ADBE82F01D2D400503E76 /* MealDecisionViewModel.swift */,
			);
			path = ViewModels;
			sourceTree = "<group>";
		};
		B39ADBEF2F01D2D900503E76 /* Views */ = {
			isa = PBXGroup;
			children = (
				B39ADBEB2F01D2D900503E76 /* LoadingView.swift */,
				B39ADBEC2F01D2D900503E76 /* MealResultView.swift */,
				B39ADBED2F01D2D900503E76 /* QuestionFlowView.swift */,
				B39ADBEE2F01D2D900503E76 /* RootView.swift */,
			);
			path = Views;
			sourceTree = "<group>";
		};
/* End PBXGroup section */

/* Begin PBXNativeTarget section */
		B39ADBAC2F01D1E600503E76 /* HungryHippo */ = {
			isa = PBXNativeTarget;
			buildConfigurationList = B39ADBCE2F01D1E800503E76 /* Build configuration list for PBXNativeTarget "HungryHippo" */;
			buildPhases = (
				B39ADBA92F01D1E600503E76 /* Sources */,
				B39ADBAA2F01D1E600503E76 /* Frameworks */,
				B39ADBAB2F01D1E600503E76 /* Resources */,
			);
			buildRules = (
			);
			dependencies = (
			);
			name = HungryHippo;
			packageProductDependencies = (
			);
			productName = HungryHippo;
			productReference = B39ADBAD2F01D1E600503E76 /* HungryHippo.app */;
			productType = "com.apple.product-type.application";
		};
		B39ADBB92F01D1E800503E76 /* HungryHippoTests */ = {
			isa = PBXNativeTarget;
			buildConfigurationList = B39ADBD12F01D1E800503E76 /* Build configuration list for PBXNativeTarget "HungryHippoTests" */;
			buildPhases = (
				B39ADBB62F01D1E800503E76 /* Sources */,
				B39ADBB72F01D1E800503E76 /* Frameworks */,
				B39ADBB82F01D1E800503E76 /* Resources */,
			);
			buildRules = (
			);
			dependencies = (
				B39ADBBC2F01D1E800503E76 /* PBXTargetDependency */,
			);
			fileSystemSynchronizedGroups = (
				B39ADBBD2F01D1E800503E76 /* HungryHippoTests */,
			);
			name = HungryHippoTests;
			packageProductDependencies = (
			);
			productName = HungryHippoTests;
			productReference = B39ADBBA2F01D1E800503E76 /* HungryHippoTests.xctest */;
			productType = "com.apple.product-type.bundle.unit-test";
		};
		B39ADBC32F01D1E800503E76 /* HungryHippoUITests */ = {
			isa = PBXNativeTarget;
			buildConfigurationList = B39ADBD42F01D1E800503E76 /* Build configuration list for PBXNativeTarget "HungryHippoUITests" */;
			buildPhases = (
				B39ADBC02F01D1E800503E76 /* Sources */,
				B39ADBC12F01D1E800503E76 /* Frameworks */,
				B39ADBC22F01D1E800503E76 /* Resources */,
			);
			buildRules = (
			);
			dependencies = (
				B39ADBC62F01D1E800503E76 /* PBXTargetDependency */,
			);
			fileSystemSynchronizedGroups = (
				B39ADBC72F01D1E800503E76 /* HungryHippoUITests */,
			);
			name = HungryHippoUITests;
			packageProductDependencies = (
			);
			productName = HungryHippoUITests;
			productReference = B39ADBC42F01D1E800503E76 /* HungryHippoUITests.xctest */;
			productType = "com.apple.product-type.bundle.ui-testing";
		};
/* End PBXNativeTarget section */

/* Begin PBXProject section */
		B39ADBA52F01D1E600503E76 /* Project object */ = {
			isa = PBXProject;
			attributes = {
				BuildIndependentTargetsInParallel = 1;
				LastSwiftUpdateCheck = 2620;
				LastUpgradeCheck = 2620;
				TargetAttributes = {
					B39ADBAC2F01D1E600503E76 = {
						CreatedOnToolsVersion = 26.2;
					};
					B39ADBB92F01D1E800503E76 = {
						CreatedOnToolsVersion = 26.2;
						TestTargetID = B39ADBAC2F01D1E600503E76;
					};
					B39ADBC32F01D1E800503E76 = {
						CreatedOnToolsVersion = 26.2;
						TestTargetID = B39ADBAC2F01D1E600503E76;
					};
				};
			};
			buildConfigurationList = B39ADBA82F01D1E600503E76 /* Build configuration list for PBXProject "HungryHippo" */;
			developmentRegion = en;
			hasScannedForEncodings = 0;
			knownRegions = (
				en,
				Base,
			);
			mainGroup = B39ADBA42F01D1E600503E76;
			minimizedProjectReferenceProxies = 1;
			preferredProjectObjectVersion = 77;
			productRefGroup = B39ADBAE2F01D1E600503E76 /* Products */;
			projectDirPath = "";
			projectRoot = "";
			targets = (
				B39ADBAC2F01D1E600503E76 /* HungryHippo */,
				B39ADBB92F01D1E800503E76 /* HungryHippoTests */,
				B39ADBC32F01D1E800503E76 /* HungryHippoUITests */,
			);
		};
/* End PBXProject section */

/* Begin PBXResourcesBuildPhase section */
		B39ADBAB2F01D1E600503E76 /* Resources */ = {
			isa = PBXResourcesBuildPhase;
			buildActionMask = 2147483647;
			files = (
				B39ADBF92F01DB4B00503E76 /* Assets.xcassets in Resources */,
				B39ADBF52F01D2DE00503E76 /* README.md in Resources */,
			);
			runOnlyForDeploymentPostprocessing = 0;
		};
		B39ADBB82F01D1E800503E76 /* Resources */ = {
			isa = PBXResourcesBuildPhase;
			buildActionMask = 2147483647;
			files = (
			);
			runOnlyForDeploymentPostprocessing = 0;
		};
		B39ADBC22F01D1E800503E76 /* Resources */ = {
			isa = PBXResourcesBuildPhase;
			buildActionMask = 2147483647;
			files = (
			);
			runOnlyForDeploymentPostprocessing = 0;
		};
/* End PBXResourcesBuildPhase section */

/* Begin PBXSourcesBuildPhase section */
		B39ADBA92F01D1E600503E76 /* Sources */ = {
			isa = PBXSourcesBuildPhase;
			buildActionMask = 2147483647;
			files = (
				B39ADBF72F01D46500503E76 /* HungryHippoApp.swift in Sources */,
				B39ADBE02F01D2CA00503E76 /* MealData.swift in Sources */,
				B39ADBDB2F01D2B200503E76 /* MoodSelector.swift in Sources */,
				B39ADBDC2F01D2B200503E76 /* PillButton.swift in Sources */,
				B39ADBDD2F01D2B200503E76 /* HippoView.swift in Sources */,
				B39ADBE52F01D2D000503E76 /* Mood.swift in Sources */,
				B39ADBE62F01D2D000503E76 /* Meal.swift in Sources */,
				B39ADBE72F01D2D000503E76 /* MealCategory.swift in Sources */,
				B39ADBEA2F01D2D400503E76 /* MealDecisionViewModel.swift in Sources */,
				B39ADBF02F01D2D900503E76 /* MealResultView.swift in Sources */,
				B39ADBF12F01D2D900503E76 /* QuestionFlowView.swift in Sources */,
				B39ADBF22F01D2D900503E76 /* LoadingView.swift in Sources */,
				B39ADBF32F01D2D900503E76 /* RootView.swift in Sources */,
			);
			runOnlyForDeploymentPostprocessing = 0;
		};
		B39ADBB62F01D1E800503E76 /* Sources */ = {
			isa = PBXSourcesBuildPhase;
			buildActionMask = 2147483647;
			files = (
			);
			runOnlyForDeploymentPostprocessing = 0;
		};
		B39ADBC02F01D1E800503E76 /* Sources */ = {
			isa = PBXSourcesBuildPhase;
			buildActionMask = 2147483647;
			files = (
			);
			runOnlyForDeploymentPostprocessing = 0;
		};
/* End PBXSourcesBuildPhase section */

/* Begin PBXTargetDependency section */
		B39ADBBC2F01D1E800503E76 /* PBXTargetDependency */ = {
			isa = PBXTargetDependency;
			target = B39ADBAC2F01D1E600503E76 /* HungryHippo */;
			targetProxy = B39ADBBB2F01D1E800503E76 /* PBXContainerItemProxy */;
		};
		B39ADBC62F01D1E800503E76 /* PBXTargetDependency */ = {
			isa = PBXTargetDependency;
			target = B39ADBAC2F01D1E600503E76 /* HungryHippo */;
			targetProxy = B39ADBC52F01D1E800503E76 /* PBXContainerItemProxy */;
		};
/* End PBXTargetDependency section */

/* Begin XCBuildConfiguration section */
		B39ADBCC2F01D1E800503E76 /* Debug */ = {
			isa = XCBuildConfiguration;
			buildSettings = {
				ALWAYS_SEARCH_USER_PATHS = NO;
				ASSETCATALOG_COMPILER_GENERATE_SWIFT_ASSET_SYMBOL_EXTENSIONS = YES;
				CLANG_ANALYZER_NONNULL = YES;
				CLANG_ANALYZER_NUMBER_OBJECT_CONVERSION = YES_AGGRESSIVE;
				CLANG_CXX_LANGUAGE_STANDARD = "gnu++20";
				CLANG_ENABLE_MODULES = YES;
				CLANG_ENABLE_OBJC_ARC = YES;
				CLANG_ENABLE_OBJC_WEAK = YES;
				CLANG_WARN_BLOCK_CAPTURE_AUTORELEASING = YES;
				CLANG_WARN_BOOL_CONVERSION = YES;
				CLANG_WARN_COMMA = YES;
				CLANG_WARN_CONSTANT_CONVERSION = YES;
				CLANG_WARN_DEPRECATED_OBJC_IMPLEMENTATIONS = YES;
				CLANG_WARN_DIRECT_OBJC_ISA_USAGE = YES_ERROR;
				CLANG_WARN_DOCUMENTATION_COMMENTS = YES;
				CLANG_WARN_EMPTY_BODY = YES;
				CLANG_WARN_ENUM_CONVERSION = YES;
				CLANG_WARN_INFINITE_RECURSION = YES;
				CLANG_WARN_INT_CONVERSION = YES;
				CLANG_WARN_NON_LITERAL_NULL_CONVERSION = YES;
				CLANG_WARN_OBJC_IMPLICIT_RETAIN_SELF = YES;
				CLANG_WARN_OBJC_LITERAL_CONVERSION = YES;
				CLANG_WARN_OBJC_ROOT_CLASS = YES_ERROR;
				CLANG_WARN_QUOTED_INCLUDE_IN_FRAMEWORK_HEADER = YES;
				CLANG_WARN_RANGE_LOOP_ANALYSIS = YES;
				CLANG_WARN_STRICT_PROTOTYPES = YES;
				CLANG_WARN_SUSPICIOUS_MOVE = YES;
				CLANG_WARN_UNGUARDED_AVAILABILITY = YES_AGGRESSIVE;
				CLANG_WARN_UNREACHABLE_CODE = YES;
				CLANG_WARN__DUPLICATE_METHOD_MATCH = YES;
				COPY_PHASE_STRIP = NO;
				DEBUG_INFORMATION_FORMAT = dwarf;
				DEVELOPMENT_TEAM = 2BYVS3QX88;
				ENABLE_STRICT_OBJC_MSGSEND = YES;
				ENABLE_TESTABILITY = YES;
				ENABLE_USER_SCRIPT_SANDBOXING = YES;
				GCC_C_LANGUAGE_STANDARD = gnu17;
				GCC_DYNAMIC_NO_PIC = NO;
				GCC_NO_COMMON_BLOCKS = YES;
				GCC_OPTIMIZATION_LEVEL = 0;
				GCC_PREPROCESSOR_DEFINITIONS = (
					"DEBUG=1",
					"$(inherited)",
				);
				GCC_WARN_64_TO_32_BIT_CONVERSION = YES;
				GCC_WARN_ABOUT_RETURN_TYPE = YES_ERROR;
				GCC_WARN_UNDECLARED_SELECTOR = YES;
				GCC_WARN_UNINITIALIZED_AUTOS = YES_AGGRESSIVE;
				GCC_WARN_UNUSED_FUNCTION = YES;
				GCC_WARN_UNUSED_VARIABLE = YES;
				LOCALIZATION_PREFERS_STRING_CATALOGS = YES;
				MTL_ENABLE_DEBUG_INFO = INCLUDE_SOURCE;
				MTL_FAST_MATH = YES;
				ONLY_ACTIVE_ARCH = YES;
				SWIFT_ACTIVE_COMPILATION_CONDITIONS = "DEBUG $(inherited)";
				SWIFT_OPTIMIZATION_LEVEL = "-Onone";
			};
			name = Debug;
		};
		B39ADBCD2F01D1E800503E76 /* Release */ = {
			isa = XCBuildConfiguration;
			buildSettings = {
				ALWAYS_SEARCH_USER_PATHS = NO;
				ASSETCATALOG_COMPILER_GENERATE_SWIFT_ASSET_SYMBOL_EXTENSIONS = YES;
				CLANG_ANALYZER_NONNULL = YES;
				CLANG_ANALYZER_NUMBER_OBJECT_CONVERSION = YES_AGGRESSIVE;
				CLANG_CXX_LANGUAGE_STANDARD = "gnu++20";
				CLANG_ENABLE_MODULES = YES;
				CLANG_ENABLE_OBJC_ARC = YES;
				CLANG_ENABLE_OBJC_WEAK = YES;
				CLANG_WARN_BLOCK_CAPTURE_AUTORELEASING = YES;
				CLANG_WARN_BOOL_CONVERSION = YES;
				CLANG_WARN_COMMA = YES;
				CLANG_WARN_CONSTANT_CONVERSION = YES;
				CLANG_WARN_DEPRECATED_OBJC_IMPLEMENTATIONS = YES;
				CLANG_WARN_DIRECT_OBJC_ISA_USAGE = YES_ERROR;
				CLANG_WARN_DOCUMENTATION_COMMENTS = YES;
				CLANG_WARN_EMPTY_BODY = YES;
				CLANG_WARN_ENUM_CONVERSION = YES;
				CLANG_WARN_INFINITE_RECURSION = YES;
				CLANG_WARN_INT_CONVERSION = YES;
				CLANG_WARN_NON_LITERAL_NULL_CONVERSION = YES;
				CLANG_WARN_OBJC_IMPLICIT_RETAIN_SELF = YES;
				CLANG_WARN_OBJC_LITERAL_CONVERSION = YES;
				CLANG_WARN_OBJC_ROOT_CLASS = YES_ERROR;
				CLANG_WARN_QUOTED_INCLUDE_IN_FRAMEWORK_HEADER = YES;
				CLANG_WARN_RANGE_LOOP_ANALYSIS = YES;
				CLANG_WARN_STRICT_PROTOTYPES = YES;
				CLANG_WARN_SUSPICIOUS_MOVE = YES;
				CLANG_WARN_UNGUARDED_AVAILABILITY = YES_AGGRESSIVE;
				CLANG_WARN_UNREACHABLE_CODE = YES;
				CLANG_WARN__DUPLICATE_METHOD_MATCH = YES;
				COPY_PHASE_STRIP = NO;
				DEBUG_INFORMATION_FORMAT = "dwarf-with-dsym";
				DEVELOPMENT_TEAM = 2BYVS3QX88;
				ENABLE_NS_ASSERTIONS = NO;
				ENABLE_STRICT_OBJC_MSGSEND = YES;
				ENABLE_USER_SCRIPT_SANDBOXING = YES;
				GCC_C_LANGUAGE_STANDARD = gnu17;
				GCC_NO_COMMON_BLOCKS = YES;
				GCC_WARN_64_TO_32_BIT_CONVERSION = YES;
				GCC_WARN_ABOUT_RETURN_TYPE = YES_ERROR;
				GCC_WARN_UNDECLARED_SELECTOR = YES;
				GCC_WARN_UNINITIALIZED_AUTOS = YES_AGGRESSIVE;
				GCC_WARN_UNUSED_FUNCTION = YES;
				GCC_WARN_UNUSED_VARIABLE = YES;
				LOCALIZATION_PREFERS_STRING_CATALOGS = YES;
				MTL_ENABLE_DEBUG_INFO = NO;
				MTL_FAST_MATH = YES;
				SWIFT_COMPILATION_MODE = wholemodule;
			};
			name = Release;
		};
		B39ADBCF2F01D1E800503E76 /* Debug */ = {
			isa = XCBuildConfiguration;
			buildSettings = {
				ASSETCATALOG_COMPILER_APPICON_NAME = AppIcon;
				ASSETCATALOG_COMPILER_GLOBAL_ACCENT_COLOR_NAME = AccentColor;
				CODE_SIGN_STYLE = Automatic;
				CURRENT_PROJECT_VERSION = 1;
				DEVELOPMENT_TEAM = 2BYVS3QX88;
				ENABLE_APP_SANDBOX = YES;
				ENABLE_HARDENED_RUNTIME = YES;
				ENABLE_PREVIEWS = YES;
				ENABLE_USER_SELECTED_FILES = readonly;
				GENERATE_INFOPLIST_FILE = YES;
				"INFOPLIST_KEY_UIApplicationSceneManifest_Generation[sdk=iphoneos*]" = YES;
				"INFOPLIST_KEY_UIApplicationSceneManifest_Generation[sdk=iphonesimulator*]" = YES;
				"INFOPLIST_KEY_UIApplicationSupportsIndirectInputEvents[sdk=iphoneos*]" = YES;
				"INFOPLIST_KEY_UIApplicationSupportsIndirectInputEvents[sdk=iphonesimulator*]" = YES;
				"INFOPLIST_KEY_UILaunchScreen_Generation[sdk=iphoneos*]" = YES;
				"INFOPLIST_KEY_UILaunchScreen_Generation[sdk=iphonesimulator*]" = YES;
				"INFOPLIST_KEY_UIStatusBarStyle[sdk=iphoneos*]" = UIStatusBarStyleDefault;
				"INFOPLIST_KEY_UIStatusBarStyle[sdk=iphonesimulator*]" = UIStatusBarStyleDefault;
				INFOPLIST_KEY_UISupportedInterfaceOrientations_iPad = "UIInterfaceOrientationPortrait UIInterfaceOrientationPortraitUpsideDown UIInterfaceOrientationLandscapeLeft UIInterfaceOrientationLandscapeRight";
				INFOPLIST_KEY_UISupportedInterfaceOrientations_iPhone = "UIInterfaceOrientationPortrait UIInterfaceOrientationLandscapeLeft UIInterfaceOrientationLandscapeRight";
				IPHONEOS_DEPLOYMENT_TARGET = 26.2;
				LD_RUNPATH_SEARCH_PATHS = "@executable_path/Frameworks";
				"LD_RUNPATH_SEARCH_PATHS[sdk=macosx*]" = "@executable_path/../Frameworks";
				MACOSX_DEPLOYMENT_TARGET = 15.6;
				MARKETING_VERSION = 1.0;
				PRODUCT_BUNDLE_IDENTIFIER = AT.HungryHippo;
				PRODUCT_NAME = "$(TARGET_NAME)";
				REGISTER_APP_GROUPS = YES;
				SDKROOT = auto;
				STRING_CATALOG_GENERATE_SYMBOLS = YES;
				SUPPORTED_PLATFORMS = "iphoneos iphonesimulator macosx xros xrsimulator";
				SWIFT_APPROACHABLE_CONCURRENCY = YES;
				SWIFT_DEFAULT_ACTOR_ISOLATION = MainActor;
				SWIFT_EMIT_LOC_STRINGS = YES;
				SWIFT_UPCOMING_FEATURE_MEMBER_IMPORT_VISIBILITY = YES;
				SWIFT_VERSION = 5.0;
				TARGETED_DEVICE_FAMILY = "1,2,7";
				XROS_DEPLOYMENT_TARGET = 26.2;
			};
			name = Debug;
		};
		B39ADBD02F01D1E800503E76 /* Release */ = {
			isa = XCBuildConfiguration;
			buildSettings = {
				ASSETCATALOG_COMPILER_APPICON_NAME = AppIcon;
				ASSETCATALOG_COMPILER_GLOBAL_ACCENT_COLOR_NAME = AccentColor;
				CODE_SIGN_STYLE = Automatic;
				CURRENT_PROJECT_VERSION = 1;
				DEVELOPMENT_TEAM = 2BYVS3QX88;
				ENABLE_APP_SANDBOX = YES;
				ENABLE_HARDENED_RUNTIME = YES;
				ENABLE_PREVIEWS = YES;
				ENABLE_USER_SELECTED_FILES = readonly;
				GENERATE_INFOPLIST_FILE = YES;
				"INFOPLIST_KEY_UIApplicationSceneManifest_Generation[sdk=iphoneos*]" = YES;
				"INFOPLIST_KEY_UIApplicationSceneManifest_Generation[sdk=iphonesimulator*]" = YES;
				"INFOPLIST_KEY_UIApplicationSupportsIndirectInputEvents[sdk=iphoneos*]" = YES;
				"INFOPLIST_KEY_UIApplicationSupportsIndirectInputEvents[sdk=iphonesimulator*]" = YES;
				"INFOPLIST_KEY_UILaunchScreen_Generation[sdk=iphoneos*]" = YES;
				"INFOPLIST_KEY_UILaunchScreen_Generation[sdk=iphonesimulator*]" = YES;
				"INFOPLIST_KEY_UIStatusBarStyle[sdk=iphoneos*]" = UIStatusBarStyleDefault;
				"INFOPLIST_KEY_UIStatusBarStyle[sdk=iphonesimulator*]" = UIStatusBarStyleDefault;
				INFOPLIST_KEY_UISupportedInterfaceOrientations_iPad = "UIInterfaceOrientationPortrait UIInterfaceOrientationPortraitUpsideDown UIInterfaceOrientationLandscapeLeft UIInterfaceOrientationLandscapeRight";
				INFOPLIST_KEY_UISupportedInterfaceOrientations_iPhone = "UIInterfaceOrientationPortrait UIInterfaceOrientationLandscapeLeft UIInterfaceOrientationLandscapeRight";
				IPHONEOS_DEPLOYMENT_TARGET = 26.2;
				LD_RUNPATH_SEARCH_PATHS = "@executable_path/Frameworks";
				"LD_RUNPATH_SEARCH_PATHS[sdk=macosx*]" = "@executable_path/../Frameworks";
				MACOSX_DEPLOYMENT_TARGET = 15.6;
				MARKETING_VERSION = 1.0;
				PRODUCT_BUNDLE_IDENTIFIER = AT.HungryHippo;
				PRODUCT_NAME = "$(TARGET_NAME)";
				REGISTER_APP_GROUPS = YES;
				SDKROOT = auto;
				STRING_CATALOG_GENERATE_SYMBOLS = YES;
				SUPPORTED_PLATFORMS = "iphoneos iphonesimulator macosx xros xrsimulator";
				SWIFT_APPROACHABLE_CONCURRENCY = YES;
				SWIFT_DEFAULT_ACTOR_ISOLATION = MainActor;
				SWIFT_EMIT_LOC_STRINGS = YES;
				SWIFT_UPCOMING_FEATURE_MEMBER_IMPORT_VISIBILITY = YES;
				SWIFT_VERSION = 5.0;
				TARGETED_DEVICE_FAMILY = "1,2,7";
				XROS_DEPLOYMENT_TARGET = 26.2;
			};
			name = Release;
		};
		B39ADBD22F01D1E800503E76 /* Debug */ = {
			isa = XCBuildConfiguration;
			buildSettings = {
				BUNDLE_LOADER = "$(TEST_HOST)";
				CODE_SIGN_STYLE = Automatic;
				CURRENT_PROJECT_VERSION = 1;
				DEVELOPMENT_TEAM = 2BYVS3QX88;
				GENERATE_INFOPLIST_FILE = YES;
				IPHONEOS_DEPLOYMENT_TARGET = 26.2;
				MACOSX_DEPLOYMENT_TARGET = 15.6;
				MARKETING_VERSION = 1.0;
				PRODUCT_BUNDLE_IDENTIFIER = AT.HungryHippoTests;
				PRODUCT_NAME = "$(TARGET_NAME)";
				SDKROOT = auto;
				STRING_CATALOG_GENERATE_SYMBOLS = NO;
				SUPPORTED_PLATFORMS = "iphoneos iphonesimulator macosx xros xrsimulator";
				SWIFT_APPROACHABLE_CONCURRENCY = YES;
				SWIFT_EMIT_LOC_STRINGS = NO;
				SWIFT_UPCOMING_FEATURE_MEMBER_IMPORT_VISIBILITY = YES;
				SWIFT_VERSION = 5.0;
				TARGETED_DEVICE_FAMILY = "1,2,7";
				TEST_HOST = "$(BUILT_PRODUCTS_DIR)/HungryHippo.app/$(BUNDLE_EXECUTABLE_FOLDER_PATH)/HungryHippo";
				XROS_DEPLOYMENT_TARGET = 26.2;
			};
			name = Debug;
		};
		B39ADBD32F01D1E800503E76 /* Release */ = {
			isa = XCBuildConfiguration;
			buildSettings = {
				BUNDLE_LOADER = "$(TEST_HOST)";
				CODE_SIGN_STYLE = Automatic;
				CURRENT_PROJECT_VERSION = 1;
				DEVELOPMENT_TEAM = 2BYVS3QX88;
				GENERATE_INFOPLIST_FILE = YES;
				IPHONEOS_DEPLOYMENT_TARGET = 26.2;
				MACOSX_DEPLOYMENT_TARGET = 15.6;
				MARKETING_VERSION = 1.0;
				PRODUCT_BUNDLE_IDENTIFIER = AT.HungryHippoTests;
				PRODUCT_NAME = "$(TARGET_NAME)";
				SDKROOT = auto;
				STRING_CATALOG_GENERATE_SYMBOLS = NO;
				SUPPORTED_PLATFORMS = "iphoneos iphonesimulator macosx xros xrsimulator";
				SWIFT_APPROACHABLE_CONCURRENCY = YES;
				SWIFT_EMIT_LOC_STRINGS = NO;
				SWIFT_UPCOMING_FEATURE_MEMBER_IMPORT_VISIBILITY = YES;
				SWIFT_VERSION = 5.0;
				TARGETED_DEVICE_FAMILY = "1,2,7";
				TEST_HOST = "$(BUILT_PRODUCTS_DIR)/HungryHippo.app/$(BUNDLE_EXECUTABLE_FOLDER_PATH)/HungryHippo";
				XROS_DEPLOYMENT_TARGET = 26.2;
			};
			name = Release;
		};
		B39ADBD52F01D1E800503E76 /* Debug */ = {
			isa = XCBuildConfiguration;
			buildSettings = {
				CODE_SIGN_STYLE = Automatic;
				CURRENT_PROJECT_VERSION = 1;
				DEVELOPMENT_TEAM = 2BYVS3QX88;
				GENERATE_INFOPLIST_FILE = YES;
				IPHONEOS_DEPLOYMENT_TARGET = 26.2;
				MACOSX_DEPLOYMENT_TARGET = 15.6;
				MARKETING_VERSION = 1.0;
				PRODUCT_BUNDLE_IDENTIFIER = AT.HungryHippoUITests;
				PRODUCT_NAME = "$(TARGET_NAME)";
				SDKROOT = auto;
				STRING_CATALOG_GENERATE_SYMBOLS = NO;
				SUPPORTED_PLATFORMS = "iphoneos iphonesimulator macosx xros xrsimulator";
				SWIFT_APPROACHABLE_CONCURRENCY = YES;
				SWIFT_EMIT_LOC_STRINGS = NO;
				SWIFT_UPCOMING_FEATURE_MEMBER_IMPORT_VISIBILITY = YES;
				SWIFT_VERSION = 5.0;
				TARGETED_DEVICE_FAMILY = "1,2,7";
				TEST_TARGET_NAME = HungryHippo;
				XROS_DEPLOYMENT_TARGET = 26.2;
			};
			name = Debug;
		};
		B39ADBD62F01D1E800503E76 /* Release */ = {
			isa = XCBuildConfiguration;
			buildSettings = {
				CODE_SIGN_STYLE = Automatic;
				CURRENT_PROJECT_VERSION = 1;
				DEVELOPMENT_TEAM = 2BYVS3QX88;
				GENERATE_INFOPLIST_FILE = YES;
				IPHONEOS_DEPLOYMENT_TARGET = 26.2;
				MACOSX_DEPLOYMENT_TARGET = 15.6;
				MARKETING_VERSION = 1.0;
				PRODUCT_BUNDLE_IDENTIFIER = AT.HungryHippoUITests;
				PRODUCT_NAME = "$(TARGET_NAME)";
				SDKROOT = auto;
				STRING_CATALOG_GENERATE_SYMBOLS = NO;
				SUPPORTED_PLATFORMS = "iphoneos iphonesimulator macosx xros xrsimulator";
				SWIFT_APPROACHABLE_CONCURRENCY = YES;
				SWIFT_EMIT_LOC_STRINGS = NO;
				SWIFT_UPCOMING_FEATURE_MEMBER_IMPORT_VISIBILITY = YES;
				SWIFT_VERSION = 5.0;
				TARGETED_DEVICE_FAMILY = "1,2,7";
				TEST_TARGET_NAME = HungryHippo;
				XROS_DEPLOYMENT_TARGET = 26.2;
			};
			name = Release;
		};
/* End XCBuildConfiguration section */

/* Begin XCConfigurationList section */
		B39ADBA82F01D1E600503E76 /* Build configuration list for PBXProject "HungryHippo" */ = {
			isa = XCConfigurationList;
			buildConfigurations = (
				B39ADBCC2F01D1E800503E76 /* Debug */,
				B39ADBCD2F01D1E800503E76 /* Release */,
			);
			defaultConfigurationIsVisible = 0;
			defaultConfigurationName = Release;
		};
		B39ADBCE2F01D1E800503E76 /* Build configuration list for PBXNativeTarget "HungryHippo" */ = {
			isa = XCConfigurationList;
			buildConfigurations = (
				B39ADBCF2F01D1E800503E76 /* Debug */,
				B39ADBD02F01D1E800503E76 /* Release */,
			);
			defaultConfigurationIsVisible = 0;
			defaultConfigurationName = Release;
		};
		B39ADBD12F01D1E800503E76 /* Build configuration list for PBXNativeTarget "HungryHippoTests" */ = {
			isa = XCConfigurationList;
			buildConfigurations = (
				B39ADBD22F01D1E800503E76 /* Debug */,
				B39ADBD32F01D1E800503E76 /* Release */,
			);
			defaultConfigurationIsVisible = 0;
			defaultConfigurationName = Release;
		};
		B39ADBD42F01D1E800503E76 /* Build configuration list for PBXNativeTarget "HungryHippoUITests" */ = {
			isa = XCConfigurationList;
			buildConfigurations = (
				B39ADBD52F01D1E800503E76 /* Debug */,
				B39ADBD62F01D1E800503E76 /* Release */,
			);
			defaultConfigurationIsVisible = 0;
			defaultConfigurationName = Release;
		};
/* End XCConfigurationList section */
	};
	rootObject = B39ADBA52F01D1E600503E76 /* Project object */;
}
